// !$*UTF8*$!
{
	archiveVersion = 1;
	classes = {
	};
	objectVersion = 50;
	objects = {

/* Begin PBXBuildFile section */
		5DE269A12518EEF000EEE1DF /* AppDelegate.swift in Sources */ = {isa = PBXBuildFile; fileRef = 5DE269A02518EEF000EEE1DF /* AppDelegate.swift */; };
		5DE269A32518EEF000EEE1DF /* SceneDelegate.swift in Sources */ = {isa = PBXBuildFile; fileRef = 5DE269A22518EEF000EEE1DF /* SceneDelegate.swift */; };
		5DE269A52518EEF000EEE1DF /* ViewController.swift in Sources */ = {isa = PBXBuildFile; fileRef = 5DE269A42518EEF000EEE1DF /* ViewController.swift */; };
		5DE269A82518EEF000EEE1DF /* Main.storyboard in Resources */ = {isa = PBXBuildFile; fileRef = 5DE269A62518EEF000EEE1DF /* Main.storyboard */; };
		5DE269AA2518EEF100EEE1DF /* Assets.xcassets in Resources */ = {isa = PBXBuildFile; fileRef = 5DE269A92518EEF100EEE1DF /* Assets.xcassets */; };
		5DE269AD2518EEF100EEE1DF /* LaunchScreen.storyboard in Resources */ = {isa = PBXBuildFile; fileRef = 5DE269AB2518EEF100EEE1DF /* LaunchScreen.storyboard */; };
		5DE269B52519946F00EEE1DF /* AboutViewController.swift in Sources */ = {isa = PBXBuildFile; fileRef = 5DE269B42519946F00EEE1DF /* AboutViewController.swift */; };
		5DE269B7251A1AC300EEE1DF /* BullsEye.html in Resources */ = {isa = PBXBuildFile; fileRef = 5DE269B6251A1AC300EEE1DF /* BullsEye.html */; };
		5DE269BA251A1B7D00EEE1DF /* WebKit.framework in Frameworks */ = {isa = PBXBuildFile; fileRef = 5DE269B9251A1B7D00EEE1DF /* WebKit.framework */; };
/* End PBXBuildFile section */

/* Begin PBXFileReference section */
		5DE2699D2518EEF000EEE1DF /* Bull's Eye.app */ = {isa = PBXFileReference; explicitFileType = wrapper.application; includeInIndex = 0; path = "Bull's Eye.app"; sourceTree = BUILT_PRODUCTS_DIR; };
		5DE269A02518EEF000EEE1DF /* AppDelegate.swift */ = {isa = PBXFileReference; lastKnownFileType = sourcecode.swift; path = AppDelegate.swift; sourceTree = "<group>"; };
		5DE269A22518EEF000EEE1DF /* SceneDelegate.swift */ = {isa = PBXFileReference; lastKnownFileType = sourcecode.swift; path = SceneDelegate.swift; sourceTree = "<group>"; };
		5DE269A42518EEF000EEE1DF /* ViewController.swift */ = {isa = PBXFileReference; lastKnownFileType = sourcecode.swift; path = ViewController.swift; sourceTree = "<group>"; };
		5DE269A72518EEF000EEE1DF /* Base */ = {isa = PBXFileReference; lastKnownFileType = file.storyboard; name = Base; path = Base.lproj/Main.storyboard; sourceTree = "<group>"; };
		5DE269A92518EEF100EEE1DF /* Assets.xcassets */ = {isa = PBXFileReference; lastKnownFileType = folder.assetcatalog; path = Assets.xcassets; sourceTree = "<group>"; };
		5DE269AC2518EEF100EEE1DF /* Base */ = {isa = PBXFileReference; lastKnownFileType = file.storyboard; name = Base; path = Base.lproj/LaunchScreen.storyboard; sourceTree = "<group>"; };
		5DE269AE2518EEF100EEE1DF /* Info.plist */ = {isa = PBXFileReference; lastKnownFileType = text.plist.xml; path = Info.plist; sourceTree = "<group>"; };
		5DE269B42519946F00EEE1DF /* AboutViewController.swift */ = {isa = PBXFileReference; lastKnownFileType = sourcecode.swift; path = AboutViewController.swift; sourceTree = "<group>"; };
		5DE269B6251A1AC300EEE1DF /* BullsEye.html */ = {isa = PBXFileReference; fileEncoding = 4; lastKnownFileType = text.html; path = BullsEye.html; sourceTree = "<group>"; };
		5DE269B9251A1B7D00EEE1DF /* WebKit.framework */ = {isa = PBXFileReference; lastKnownFileType = wrapper.framework; name = WebKit.framework; path = System/Library/Frameworks/WebKit.framework; sourceTree = SDKROOT; };
/* End PBXFileReference section */

/* Begin PBXFrameworksBuildPhase section */
		5DE2699A2518EEF000EEE1DF /* Frameworks */ = {
			isa = PBXFrameworksBuildPhase;
			buildActionMask = 2147483647;
			files = (
				5DE269BA251A1B7D00EEE1DF /* WebKit.framework in Frameworks */,
			);
			runOnlyForDeploymentPostprocessing = 0;
		};
/* End PBXFrameworksBuildPhase section */

/* Begin PBXGroup section */
		5DE269942518EEF000EEE1DF = {
			isa = PBXGroup;
			children = (
				5DE2699F2518EEF000EEE1DF /* BullsEye */,
				5DE2699E2518EEF000EEE1DF /* Products */,
				5DE269B8251A1B7C00EEE1DF /* Frameworks */,
			);
			sourceTree = "<group>";
		};
		5DE2699E2518EEF000EEE1DF /* Products */ = {
			isa = PBXGroup;
			children = (
				5DE2699D2518EEF000EEE1DF /* Bull's Eye.app */,
			);
			name = Products;
			sourceTree = "<group>";
		};
		5DE2699F2518EEF000EEE1DF /* BullsEye */ = {
			isa = PBXGroup;
			children = (
				5DE269B42519946F00EEE1DF /* AboutViewController.swift */,
				5DE269A92518EEF100EEE1DF /* Assets.xcassets */,
				5DE269A02518EEF000EEE1DF /* AppDelegate.swift */,
				5DE269B6251A1AC300EEE1DF /* BullsEye.html */,
				5DE269AE2518EEF100EEE1DF /* Info.plist */,
				5DE269AB2518EEF100EEE1DF /* LaunchScreen.storyboard */,
				5DE269A62518EEF000EEE1DF /* Main.storyboard */,
				5DE269A22518EEF000EEE1DF /* SceneDelegate.swift */,
				5DE269A42518EEF000EEE1DF /* ViewController.swift */,
			);
			path = BullsEye;
			sourceTree = "<group>";
		};
		5DE269B8251A1B7C00EEE1DF /* Frameworks */ = {
			isa = PBXGroup;
			children = (
				5DE269B9251A1B7D00EEE1DF /* WebKit.framework */,
			);
			name = Frameworks;
			sourceTree = "<group>";
		};
/* End PBXGroup section */

/* Begin PBXNativeTarget section */
		5DE2699C2518EEF000EEE1DF /* BullsEye */ = {
			isa = PBXNativeTarget;
			buildConfigurationList = 5DE269B12518EEF100EEE1DF /* Build configuration list for PBXNativeTarget "BullsEye" */;
			buildPhases = (
				5DE269992518EEF000EEE1DF /* Sources */,
				5DE2699A2518EEF000EEE1DF /* Frameworks */,
				5DE2699B2518EEF000EEE1DF /* Resources */,
			);
			buildRules = (
			);
			dependencies = (
			);
			name = BullsEye;
			productName = BullsEye;
			productReference = 5DE2699D2518EEF000EEE1DF /* Bull's Eye.app */;
			productType = "com.apple.product-type.application";
		};
/* End PBXNativeTarget section */

/* Begin PBXProject section */
		5DE269952518EEF000EEE1DF /* Project object */ = {
			isa = PBXProject;
			attributes = {
				LastSwiftUpdateCheck = 1170;
				LastUpgradeCheck = 1170;
				ORGANIZATIONNAME = buckrozelledotcomLLC;
				TargetAttributes = {
					5DE2699C2518EEF000EEE1DF = {
						CreatedOnToolsVersion = 11.7;
					};
				};
			};
			buildConfigurationList = 5DE269982518EEF000EEE1DF /* Build configuration list for PBXProject "BullsEye" */;
			compatibilityVersion = "Xcode 9.3";
			developmentRegion = en;
			hasScannedForEncodings = 0;
			knownRegions = (
				en,
				Base,
			);
			mainGroup = 5DE269942518EEF000EEE1DF;
			productRefGroup = 5DE2699E2518EEF000EEE1DF /* Products */;
			projectDirPath = "";
			projectRoot = "";
			targets = (
				5DE2699C2518EEF000EEE1DF /* BullsEye */,
			);
		};
/* End PBXProject section */

/* Begin PBXResourcesBuildPhase section */
		5DE2699B2518EEF000EEE1DF /* Resources */ = {
			isa = PBXResourcesBuildPhase;
			buildActionMask = 2147483647;
			files = (
				5DE269AD2518EEF100EEE1DF /* LaunchScreen.storyboard in Resources */,
				5DE269B7251A1AC300EEE1DF /* BullsEye.html in Resources */,
				5DE269AA2518EEF100EEE1DF /* Assets.xcassets in Resources */,
				5DE269A82518EEF000EEE1DF /* Main.storyboard in Resources */,
			);
			runOnlyForDeploymentPostprocessing = 0;
		};
/* End PBXResourcesBuildPhase section */

/* Begin PBXSourcesBuildPhase section */
		5DE269992518EEF000EEE1DF /* Sources */ = {
			isa = PBXSourcesBuildPhase;
			buildActionMask = 2147483647;
			files = (
				5DE269A52518EEF000EEE1DF /* ViewController.swift in Sources */,
				5DE269A12518EEF000EEE1DF /* AppDelegate.swift in Sources */,
				5DE269B52519946F00EEE1DF /* AboutViewController.swift in Sources */,
				5DE269A32518EEF000EEE1DF /* SceneDelegate.swift in Sources */,
			);
			runOnlyForDeploymentPostprocessing = 0;
		};
/* End PBXSourcesBuildPhase section */

/* Begin PBXVariantGroup section */
		5DE269A62518EEF000EEE1DF /* Main.storyboard */ = {
			isa = PBXVariantGroup;
			children = (
				5DE269A72518EEF000EEE1DF /* Base */,
			);
			name = Main.storyboard;
			sourceTree = "<group>";
		};
		5DE269AB2518EEF100EEE1DF /* LaunchScreen.storyboard */ = {
			isa = PBXVariantGroup;
			children = (
				5DE269AC2518EEF100EEE1DF /* Base */,
			);
			name = LaunchScreen.storyboard;
			sourceTree = "<group>";
		};
/* End PBXVariantGroup section */

/* Begin XCBuildConfiguration section */
		5DE269AF2518EEF100EEE1DF /* Debug */ = {
			isa = XCBuildConfiguration;
			buildSettings = {
				ALWAYS_SEARCH_USER_PATHS = NO;
				CLANG_ANALYZER_NONNULL = YES;
				CLANG_ANALYZER_NUMBER_OBJECT_CONVERSION = YES_AGGRESSIVE;
				CLANG_CXX_LANGUAGE_STANDARD = "gnu++14";
				CLANG_CXX_LIBRARY = "libc++";
				CLANG_ENABLE_MODULES = YES;
				CLANG_ENABLE_OBJC_ARC = YES;
				CLANG_ENABLE_OBJC_WEAK = YES;
				CLANG_WARN_BLOCK_CAPTURE_AUTORELEASING = YES;
				CLANG_WARN_BOOL_CONVERSION = YES;
				CLANG_WARN_COMMA = YES;
				CLANG_WARN_CONSTANT_CONVERSION = YES;
				CLANG_WARN_DEPRECATED_OBJC_IMPLEMENTATIONS = YES;
				CLANG_WARN_DIRECT_OBJC_ISA_USAGE = YES_ERROR;
				CLANG_WARN_DOCUMENTATION_COMMENTS = YES;
				CLANG_WARN_EMPTY_BODY = YES;
				CLANG_WARN_ENUM_CONVERSION = YES;
				CLANG_WARN_INFINITE_RECURSION = YES;
				CLANG_WARN_INT_CONVERSION = YES;
				CLANG_WARN_NON_LITERAL_NULL_CONVERSION = YES;
				CLANG_WARN_OBJC_IMPLICIT_RETAIN_SELF = YES;
				CLANG_WARN_OBJC_LITERAL_CONVERSION = YES;
				CLANG_WARN_OBJC_ROOT_CLASS = YES_ERROR;
				CLANG_WARN_RANGE_LOOP_ANALYSIS = YES;
				CLANG_WARN_STRICT_PROTOTYPES = YES;
				CLANG_WARN_SUSPICIOUS_MOVE = YES;
				CLANG_WARN_UNGUARDED_AVAILABILITY = YES_AGGRESSIVE;
				CLANG_WARN_UNREACHABLE_CODE = YES;
				CLANG_WARN__DUPLICATE_METHOD_MATCH = YES;
				COPY_PHASE_STRIP = NO;
				DEBUG_INFORMATION_FORMAT = dwarf;
				ENABLE_STRICT_OBJC_MSGSEND = YES;
				ENABLE_TESTABILITY = YES;
				GCC_C_LANGUAGE_STANDARD = gnu11;
				GCC_DYNAMIC_NO_PIC = NO;
				GCC_NO_COMMON_BLOCKS = YES;
				GCC_OPTIMIZATION_LEVEL = 0;
				GCC_PREPROCESSOR_DEFINITIONS = (
					"DEBUG=1",
					"$(inherited)",
				);
				GCC_WARN_64_TO_32_BIT_CONVERSION = YES;
				GCC_WARN_ABOUT_RETURN_TYPE = YES_ERROR;
				GCC_WARN_UNDECLARED_SELECTOR = YES;
				GCC_WARN_UNINITIALIZED_AUTOS = YES_AGGRESSIVE;
				GCC_WARN_UNUSED_FUNCTION = YES;
				GCC_WARN_UNUSED_VARIABLE = YES;
				IPHONEOS_DEPLOYMENT_TARGET = 13.7;
				MTL_ENABLE_DEBUG_INFO = INCLUDE_SOURCE;
				MTL_FAST_MATH = YES;
				ONLY_ACTIVE_ARCH = YES;
				SDKROOT = iphoneos;
				SWIFT_ACTIVE_COMPILATION_CONDITIONS = DEBUG;
				SWIFT_OPTIMIZATION_LEVEL = "-Onone";
			};
			name = Debug;
		};
		5DE269B02518EEF100EEE1DF /* Release */ = {
			isa = XCBuildConfiguration;
			buildSettings = {
				ALWAYS_SEARCH_USER_PATHS = NO;
				CLANG_ANALYZER_NONNULL = YES;
				CLANG_ANALYZER_NUMBER_OBJECT_CONVERSION = YES_AGGRESSIVE;
				CLANG_CXX_LANGUAGE_STANDARD = "gnu++14";
				CLANG_CXX_LIBRARY = "libc++";
				CLANG_ENABLE_MODULES = YES;
				CLANG_ENABLE_OBJC_ARC = YES;
				CLANG_ENABLE_OBJC_WEAK = YES;
				CLANG_WARN_BLOCK_CAPTURE_AUTORELEASING = YES;
				CLANG_WARN_BOOL_CONVERSION = YES;
				CLANG_WARN_COMMA = YES;
				CLANG_WARN_CONSTANT_CONVERSION = YES;
				CLANG_WARN_DEPRECATED_OBJC_IMPLEMENTATIONS = YES;
				CLANG_WARN_DIRECT_OBJC_ISA_USAGE = YES_ERROR;
				CLANG_WARN_DOCUMENTATION_COMMENTS = YES;
				CLANG_WARN_EMPTY_BODY = YES;
				CLANG_WARN_ENUM_CONVERSION = YES;
				CLANG_WARN_INFINITE_RECURSION = YES;
				CLANG_WARN_INT_CONVERSION = YES;
				CLANG_WARN_NON_LITERAL_NULL_CONVERSION = YES;
				CLANG_WARN_OBJC_IMPLICIT_RETAIN_SELF = YES;
				CLANG_WARN_OBJC_LITERAL_CONVERSION = YES;
				CLANG_WARN_OBJC_ROOT_CLASS = YES_ERROR;
				CLANG_WARN_RANGE_LOOP_ANALYSIS = YES;
				CLANG_WARN_STRICT_PROTOTYPES = YES;
				CLANG_WARN_SUSPICIOUS_MOVE = YES;
				CLANG_WARN_UNGUARDED_AVAILABILITY = YES_AGGRESSIVE;
				CLANG_WARN_UNREACHABLE_CODE = YES;
				CLANG_WARN__DUPLICATE_METHOD_MATCH = YES;
				COPY_PHASE_STRIP = NO;
				DEBUG_INFORMATION_FORMAT = "dwarf-with-dsym";
				ENABLE_NS_ASSERTIONS = NO;
				ENABLE_STRICT_OBJC_MSGSEND = YES;
				GCC_C_LANGUAGE_STANDARD = gnu11;
				GCC_NO_COMMON_BLOCKS = YES;
				GCC_WARN_64_TO_32_BIT_CONVERSION = YES;
				GCC_WARN_ABOUT_RETURN_TYPE = YES_ERROR;
				GCC_WARN_UNDECLARED_SELECTOR = YES;
				GCC_WARN_UNINITIALIZED_AUTOS = YES_AGGRESSIVE;
				GCC_WARN_UNUSED_FUNCTION = YES;
				GCC_WARN_UNUSED_VARIABLE = YES;
				IPHONEOS_DEPLOYMENT_TARGET = 13.7;
				MTL_ENABLE_DEBUG_INFO = NO;
				MTL_FAST_MATH = YES;
				SDKROOT = iphoneos;
				SWIFT_COMPILATION_MODE = wholemodule;
				SWIFT_OPTIMIZATION_LEVEL = "-O";
				VALIDATE_PRODUCT = YES;
			};
			name = Release;
		};
		5DE269B22518EEF100EEE1DF /* Debug */ = {
			isa = XCBuildConfiguration;
			buildSettings = {
				ASSETCATALOG_COMPILER_APPICON_NAME = AppIcon;
				CODE_SIGN_STYLE = Automatic;
				DEVELOPMENT_TEAM = 6SP468TM33;
				INFOPLIST_FILE = BullsEye/Info.plist;
				LD_RUNPATH_SEARCH_PATHS = (
					"$(inherited)",
					"@executable_path/Frameworks",
				);
				PRODUCT_BUNDLE_IDENTIFIER = com.buckrozelledotcomLLC.BullsEye;
				PRODUCT_NAME = "Bull's Eye";
				SWIFT_VERSION = 5.0;
				TARGETED_DEVICE_FAMILY = "1,2";
			};
			name = Debug;
		};
		5DE269B32518EEF100EEE1DF /* Release */ = {
			isa = XCBuildConfiguration;
			buildSettings = {
				ASSETCATALOG_COMPILER_APPICON_NAME = AppIcon;
				CODE_SIGN_STYLE = Automatic;
				DEVELOPMENT_TEAM = 6SP468TM33;
				INFOPLIST_FILE = BullsEye/Info.plist;
				LD_RUNPATH_SEARCH_PATHS = (
					"$(inherited)",
					"@executable_path/Frameworks",
				);
				PRODUCT_BUNDLE_IDENTIFIER = com.buckrozelledotcomLLC.BullsEye;
				PRODUCT_NAME = "Bull's Eye";
				SWIFT_VERSION = 5.0;
				TARGETED_DEVICE_FAMILY = "1,2";
			};
			name = Release;
		};
/* End XCBuildConfiguration section */

/* Begin XCConfigurationList section */
		5DE269982518EEF000EEE1DF /* Build configuration list for PBXProject "BullsEye" */ = {
			isa = XCConfigurationList;
			buildConfigurations = (
				5DE269AF2518EEF100EEE1DF /* Debug */,
				5DE269B02518EEF100EEE1DF /* Release */,
			);
			defaultConfigurationIsVisible = 0;
			defaultConfigurationName = Release;
		};
		5DE269B12518EEF100EEE1DF /* Build configuration list for PBXNativeTarget "BullsEye" */ = {
			isa = XCConfigurationList;
			buildConfigurations = (
				5DE269B22518EEF100EEE1DF /* Debug */,
				5DE269B32518EEF100EEE1DF /* Release */,
			);
			defaultConfigurationIsVisible = 0;
			defaultConfigurationName = Release;
		};
/* End XCConfigurationList section */
	};
	rootObject = 5DE269952518EEF000EEE1DF /* Project object */;
}
